
Microsoft Visual Studio Solution File, Format Version 12.00
# Visual Studio 14
VisualStudioVersion = 14.0.25420.1
MinimumVisualStudioVersion = 10.0.40219.1
Project("{FAE04EC0-301F-11D3-BF4B-00C04F79EFBC}") = "BLOG_RS_HandTracking", "RS_HandTracking\BLOG_RS_HandTracking.csproj", "{F27CD531-110F-434B-9D25-FA1EA5D1A48F}"
EndProject
Global
	GlobalSection(SolutionConfigurationPlatforms) = preSolution
		Debug|Any CPU = Debug|Any CPU
		Release|Any CPU = Release|Any CPU
	EndGlobalSection
	GlobalSection(ProjectConfigurationPlatforms) = postSolution
		{F27CD531-110F-434B-9D25-FA1EA5D1A48F}.Debug|Any CPU.ActiveCfg = Debug|Any CPU
		{F27CD531-110F-434B-9D25-FA1EA5D1A48F}.Debug|Any CPU.Build.0 = Debug|Any CPU
		{F27CD531-110F-434B-9D25-FA1EA5D1A48F}.Release|Any CPU.ActiveCfg = Release|Any CPU
		{F27CD531-110F-434B-9D25-FA1EA5D1A48F}.Release|Any CPU.Build.0 = Release|Any CPU
	EndGlobalSection
	GlobalSection(SolutionProperties) = preSolution
		HideSolutionNode = FALSE
	EndGlobalSection
EndGlobal
